
Microsoft Visual Studio Solution File, Format Version 12.00
# Visual Studio Version 16
VisualStudioVersion = 16.0.32407.337
MinimumVisualStudioVersion = 10.0.40219.1
Project("{FAE04EC0-301F-11D3-BF4B-00C04F79EFBC}") = "Labb3Xunit", "Labb3Xunit\Labb3Xunit.csproj", "{16D621D2-7C73-49D5-A260-D6205B5BAB28}"
EndProject
Project("{FAE04EC0-301F-11D3-BF4B-00C04F79EFBC}") = "Labb3XunitTests", "Labb3Xunit.Tests\Labb3XunitTests.csproj", "{18BE6EB9-3499-4365-ADEE-81E70ABD65FF}"
EndProject
Global
	GlobalSection(SolutionConfigurationPlatforms) = preSolution
		Debug|Any CPU = Debug|Any CPU
		Release|Any CPU = Release|Any CPU
	EndGlobalSection
	GlobalSection(ProjectConfigurationPlatforms) = postSolution
		{16D621D2-7C73-49D5-A260-D6205B5BAB28}.Debug|Any CPU.ActiveCfg = Debug|Any CPU
		{16D621D2-7C73-49D5-A260-D6205B5BAB28}.Debug|Any CPU.Build.0 = Debug|Any CPU
		{16D621D2-7C73-49D5-A260-D6205B5BAB28}.Release|Any CPU.ActiveCfg = Release|Any CPU
		{16D621D2-7C73-49D5-A260-D6205B5BAB28}.Release|Any CPU.Build.0 = Release|Any CPU
		{18BE6EB9-3499-4365-ADEE-81E70ABD65FF}.Debug|Any CPU.ActiveCfg = Debug|Any CPU
		{18BE6EB9-3499-4365-ADEE-81E70ABD65FF}.Debug|Any CPU.Build.0 = Debug|Any CPU
		{18BE6EB9-3499-4365-ADEE-81E70ABD65FF}.Release|Any CPU.ActiveCfg = Release|Any CPU
		{18BE6EB9-3499-4365-ADEE-81E70ABD65FF}.Release|Any CPU.Build.0 = Release|Any CPU
	EndGlobalSection
	GlobalSection(SolutionProperties) = preSolution
		HideSolutionNode = FALSE
	EndGlobalSection
	GlobalSection(ExtensibilityGlobals) = postSolution
		SolutionGuid = {1802433F-E4C4-41DB-89F8-8541432955AF}
	EndGlobalSection
EndGlobal
